// !$*UTF8*$!
{
	archiveVersion = 1;
	classes = {
	};
	objectVersion = 55;
	objects = {

/* Begin PBXBuildFile section */
		118DD13B2829A4EB000DB7A1 /* Dicee_Swift_UIApp.swift in Sources */ = {isa = PBXBuildFile; fileRef = 118DD13A2829A4EB000DB7A1 /* Dicee_Swift_UIApp.swift */; };
		118DD13D2829A4EB000DB7A1 /* ContentView.swift in Sources */ = {isa = PBXBuildFile; fileRef = 118DD13C2829A4EB000DB7A1 /* ContentView.swift */; };
		118DD13F2829A4ED000DB7A1 /* Assets.xcassets in Resources */ = {isa = PBXBuildFile; fileRef = 118DD13E2829A4ED000DB7A1 /* Assets.xcassets */; };
		118DD1422829A4ED000DB7A1 /* Preview Assets.xcassets in Resources */ = {isa = PBXBuildFile; fileRef = 118DD1412829A4ED000DB7A1 /* Preview Assets.xcassets */; };
		118DD14C2829A4ED000DB7A1 /* Dicee_Swift_UITests.swift in Sources */ = {isa = PBXBuildFile; fileRef = 118DD14B2829A4ED000DB7A1 /* Dicee_Swift_UITests.swift */; };
		118DD1562829A4ED000DB7A1 /* Dicee_Swift_UIUITests.swift in Sources */ = {isa = PBXBuildFile; fileRef = 118DD1552829A4ED000DB7A1 /* Dicee_Swift_UIUITests.swift */; };
		118DD1582829A4ED000DB7A1 /* Dicee_Swift_UIUITestsLaunchTests.swift in Sources */ = {isa = PBXBuildFile; fileRef = 118DD1572829A4ED000DB7A1 /* Dicee_Swift_UIUITestsLaunchTests.swift */; };
/* End PBXBuildFile section */

/* Begin PBXContainerItemProxy section */
		118DD1482829A4ED000DB7A1 /* PBXContainerItemProxy */ = {
			isa = PBXContainerItemProxy;
			containerPortal = 118DD12F2829A4EB000DB7A1 /* Project object */;
			proxyType = 1;
			remoteGlobalIDString = 118DD1362829A4EB000DB7A1;
			remoteInfo = "Dicee-Swift-UI";
		};
		118DD1522829A4ED000DB7A1 /* PBXContainerItemProxy */ = {
			isa = PBXContainerItemProxy;
			containerPortal = 118DD12F2829A4EB000DB7A1 /* Project object */;
			proxyType = 1;
			remoteGlobalIDString = 118DD1362829A4EB000DB7A1;
			remoteInfo = "Dicee-Swift-UI";
		};
/* End PBXContainerItemProxy section */

/* Begin PBXFileReference section */
		118DD1372829A4EB000DB7A1 /* Dicee-Swift-UI.app */ = {isa = PBXFileReference; explicitFileType = wrapper.application; includeInIndex = 0; path = "Dicee-Swift-UI.app"; sourceTree = BUILT_PRODUCTS_DIR; };
		118DD13A2829A4EB000DB7A1 /* Dicee_Swift_UIApp.swift */ = {isa = PBXFileReference; lastKnownFileType = sourcecode.swift; path = Dicee_Swift_UIApp.swift; sourceTree = "<group>"; };
		118DD13C2829A4EB000DB7A1 /* ContentView.swift */ = {isa = PBXFileReference; lastKnownFileType = sourcecode.swift; path = ContentView.swift; sourceTree = "<group>"; };
		118DD13E2829A4ED000DB7A1 /* Assets.xcassets */ = {isa = PBXFileReference; lastKnownFileType = folder.assetcatalog; path = Assets.xcassets; sourceTree = "<group>"; };
		118DD1412829A4ED000DB7A1 /* Preview Assets.xcassets */ = {isa = PBXFileReference; lastKnownFileType = folder.assetcatalog; path = "Preview Assets.xcassets"; sourceTree = "<group>"; };
		118DD1472829A4ED000DB7A1 /* Dicee-Swift-UITests.xctest */ = {isa = PBXFileReference; explicitFileType = wrapper.cfbundle; includeInIndex = 0; path = "Dicee-Swift-UITests.xctest"; sourceTree = BUILT_PRODUCTS_DIR; };
		118DD14B2829A4ED000DB7A1 /* Dicee_Swift_UITests.swift */ = {isa = PBXFileReference; lastKnownFileType = sourcecode.swift; path = Dicee_Swift_UITests.swift; sourceTree = "<group>"; };
		118DD1512829A4ED000DB7A1 /* Dicee-Swift-UIUITests.xctest */ = {isa = PBXFileReference; explicitFileType = wrapper.cfbundle; includeInIndex = 0; path = "Dicee-Swift-UIUITests.xctest"; sourceTree = BUILT_PRODUCTS_DIR; };
		118DD1552829A4ED000DB7A1 /* Dicee_Swift_UIUITests.swift */ = {isa = PBXFileReference; lastKnownFileType = sourcecode.swift; path = Dicee_Swift_UIUITests.swift; sourceTree = "<group>"; };
		118DD1572829A4ED000DB7A1 /* Dicee_Swift_UIUITestsLaunchTests.swift */ = {isa = PBXFileReference; lastKnownFileType = sourcecode.swift; path = Dicee_Swift_UIUITestsLaunchTests.swift; sourceTree = "<group>"; };
/* End PBXFileReference section */

/* Begin PBXFrameworksBuildPhase section */
		118DD1342829A4EB000DB7A1 /* Frameworks */ = {
			isa = PBXFrameworksBuildPhase;
			buildActionMask = 2147483647;
			files = (
			);
			runOnlyForDeploymentPostprocessing = 0;
		};
		118DD1442829A4ED000DB7A1 /* Frameworks */ = {
			isa = PBXFrameworksBuildPhase;
			buildActionMask = 2147483647;
			files = (
			);
			runOnlyForDeploymentPostprocessing = 0;
		};
		118DD14E2829A4ED000DB7A1 /* Frameworks */ = {
			isa = PBXFrameworksBuildPhase;
			buildActionMask = 2147483647;
			files = (
			);
			runOnlyForDeploymentPostprocessing = 0;
		};
/* End PBXFrameworksBuildPhase section */

/* Begin PBXGroup section */
		118DD12E2829A4EB000DB7A1 = {
			isa = PBXGroup;
			children = (
				118DD1392829A4EB000DB7A1 /* Dicee-Swift-UI */,
				118DD14A2829A4ED000DB7A1 /* Dicee-Swift-UITests */,
				118DD1542829A4ED000DB7A1 /* Dicee-Swift-UIUITests */,
				118DD1382829A4EB000DB7A1 /* Products */,
			);
			sourceTree = "<group>";
		};
		118DD1382829A4EB000DB7A1 /* Products */ = {
			isa = PBXGroup;
			children = (
				118DD1372829A4EB000DB7A1 /* Dicee-Swift-UI.app */,
				118DD1472829A4ED000DB7A1 /* Dicee-Swift-UITests.xctest */,
				118DD1512829A4ED000DB7A1 /* Dicee-Swift-UIUITests.xctest */,
			);
			name = Products;
			sourceTree = "<group>";
		};
		118DD1392829A4EB000DB7A1 /* Dicee-Swift-UI */ = {
			isa = PBXGroup;
			children = (
				118DD13A2829A4EB000DB7A1 /* Dicee_Swift_UIApp.swift */,
				118DD13C2829A4EB000DB7A1 /* ContentView.swift */,
				118DD13E2829A4ED000DB7A1 /* Assets.xcassets */,
				118DD1402829A4ED000DB7A1 /* Preview Content */,
			);
			path = "Dicee-Swift-UI";
			sourceTree = "<group>";
		};
		118DD1402829A4ED000DB7A1 /* Preview Content */ = {
			isa = PBXGroup;
			children = (
				118DD1412829A4ED000DB7A1 /* Preview Assets.xcassets */,
			);
			path = "Preview Content";
			sourceTree = "<group>";
		};
		118DD14A2829A4ED000DB7A1 /* Dicee-Swift-UITests */ = {
			isa = PBXGroup;
			children = (
				118DD14B2829A4ED000DB7A1 /* Dicee_Swift_UITests.swift */,
			);
			path = "Dicee-Swift-UITests";
			sourceTree = "<group>";
		};
		118DD1542829A4ED000DB7A1 /* Dicee-Swift-UIUITests */ = {
			isa = PBXGroup;
			children = (
				118DD1552829A4ED000DB7A1 /* Dicee_Swift_UIUITests.swift */,
				118DD1572829A4ED000DB7A1 /* Dicee_Swift_UIUITestsLaunchTests.swift */,
			);
			path = "Dicee-Swift-UIUITests";
			sourceTree = "<group>";
		};
/* End PBXGroup section */

/* Begin PBXNativeTarget section */
		118DD1362829A4EB000DB7A1 /* Dicee-Swift-UI */ = {
			isa = PBXNativeTarget;
			buildConfigurationList = 118DD15B2829A4ED000DB7A1 /* Build configuration list for PBXNativeTarget "Dicee-Swift-UI" */;
			buildPhases = (
				118DD1332829A4EB000DB7A1 /* Sources */,
				118DD1342829A4EB000DB7A1 /* Frameworks */,
				118DD1352829A4EB000DB7A1 /* Resources */,
			);
			buildRules = (
			);
			dependencies = (
			);
			name = "Dicee-Swift-UI";
			productName = "Dicee-Swift-UI";
			productReference = 118DD1372829A4EB000DB7A1 /* Dicee-Swift-UI.app */;
			productType = "com.apple.product-type.application";
		};
		118DD1462829A4ED000DB7A1 /* Dicee-Swift-UITests */ = {
			isa = PBXNativeTarget;
			buildConfigurationList = 118DD15E2829A4ED000DB7A1 /* Build configuration list for PBXNativeTarget "Dicee-Swift-UITests" */;
			buildPhases = (
				118DD1432829A4ED000DB7A1 /* Sources */,
				118DD1442829A4ED000DB7A1 /* Frameworks */,
				118DD1452829A4ED000DB7A1 /* Resources */,
			);
			buildRules = (
			);
			dependencies = (
				118DD1492829A4ED000DB7A1 /* PBXTargetDependency */,
			);
			name = "Dicee-Swift-UITests";
			productName = "Dicee-Swift-UITests";
			productReference = 118DD1472829A4ED000DB7A1 /* Dicee-Swift-UITests.xctest */;
			productType = "com.apple.product-type.bundle.unit-test";
		};
		118DD1502829A4ED000DB7A1 /* Dicee-Swift-UIUITests */ = {
			isa = PBXNativeTarget;
			buildConfigurationList = 118DD1612829A4ED000DB7A1 /* Build configuration list for PBXNativeTarget "Dicee-Swift-UIUITests" */;
			buildPhases = (
				118DD14D2829A4ED000DB7A1 /* Sources */,
				118DD14E2829A4ED000DB7A1 /* Frameworks */,
				118DD14F2829A4ED000DB7A1 /* Resources */,
			);
			buildRules = (
			);
			dependencies = (
				118DD1532829A4ED000DB7A1 /* PBXTargetDependency */,
			);
			name = "Dicee-Swift-UIUITests";
			productName = "Dicee-Swift-UIUITests";
			productReference = 118DD1512829A4ED000DB7A1 /* Dicee-Swift-UIUITests.xctest */;
			productType = "com.apple.product-type.bundle.ui-testing";
		};
/* End PBXNativeTarget section */

/* Begin PBXProject section */
		118DD12F2829A4EB000DB7A1 /* Project object */ = {
			isa = PBXProject;
			attributes = {
				BuildIndependentTargetsInParallel = 1;
				LastSwiftUpdateCheck = 1320;
				LastUpgradeCheck = 1320;
				TargetAttributes = {
					118DD1362829A4EB000DB7A1 = {
						CreatedOnToolsVersion = 13.2.1;
					};
					118DD1462829A4ED000DB7A1 = {
						CreatedOnToolsVersion = 13.2.1;
						TestTargetID = 118DD1362829A4EB000DB7A1;
					};
					118DD1502829A4ED000DB7A1 = {
						CreatedOnToolsVersion = 13.2.1;
						TestTargetID = 118DD1362829A4EB000DB7A1;
					};
				};
			};
			buildConfigurationList = 118DD1322829A4EB000DB7A1 /* Build configuration list for PBXProject "Dicee-Swift-UI" */;
			compatibilityVersion = "Xcode 13.0";
			developmentRegion = en;
			hasScannedForEncodings = 0;
			knownRegions = (
				en,
				Base,
			);
			mainGroup = 118DD12E2829A4EB000DB7A1;
			productRefGroup = 118DD1382829A4EB000DB7A1 /* Products */;
			projectDirPath = "";
			projectRoot = "";
			targets = (
				118DD1362829A4EB000DB7A1 /* Dicee-Swift-UI */,
				118DD1462829A4ED000DB7A1 /* Dicee-Swift-UITests */,
				118DD1502829A4ED000DB7A1 /* Dicee-Swift-UIUITests */,
			);
		};
/* End PBXProject section */

/* Begin PBXResourcesBuildPhase section */
		118DD1352829A4EB000DB7A1 /* Resources */ = {
			isa = PBXResourcesBuildPhase;
			buildActionMask = 2147483647;
			files = (
				118DD1422829A4ED000DB7A1 /* Preview Assets.xcassets in Resources */,
				118DD13F2829A4ED000DB7A1 /* Assets.xcassets in Resources */,
			);
			runOnlyForDeploymentPostprocessing = 0;
		};
		118DD1452829A4ED000DB7A1 /* Resources */ = {
			isa = PBXResourcesBuildPhase;
			buildActionMask = 2147483647;
			files = (
			);
			runOnlyForDeploymentPostprocessing = 0;
		};
		118DD14F2829A4ED000DB7A1 /* Resources */ = {
			isa = PBXResourcesBuildPhase;
			buildActionMask = 2147483647;
			files = (
			);
			runOnlyForDeploymentPostprocessing = 0;
		};
/* End PBXResourcesBuildPhase section */

/* Begin PBXSourcesBuildPhase section */
		118DD1332829A4EB000DB7A1 /* Sources */ = {
			isa = PBXSourcesBuildPhase;
			buildActionMask = 2147483647;
			files = (
				118DD13D2829A4EB000DB7A1 /* ContentView.swift in Sources */,
				118DD13B2829A4EB000DB7A1 /* Dicee_Swift_UIApp.swift in Sources */,
			);
			runOnlyForDeploymentPostprocessing = 0;
		};
		118DD1432829A4ED000DB7A1 /* Sources */ = {
			isa = PBXSourcesBuildPhase;
			buildActionMask = 2147483647;
			files = (
				118DD14C2829A4ED000DB7A1 /* Dicee_Swift_UITests.swift in Sources */,
			);
			runOnlyForDeploymentPostprocessing = 0;
		};
		118DD14D2829A4ED000DB7A1 /* Sources */ = {
			isa = PBXSourcesBuildPhase;
			buildActionMask = 2147483647;
			files = (
				118DD1562829A4ED000DB7A1 /* Dicee_Swift_UIUITests.swift in Sources */,
				118DD1582829A4ED000DB7A1 /* Dicee_Swift_UIUITestsLaunchTests.swift in Sources */,
			);
			runOnlyForDeploymentPostprocessing = 0;
		};
/* End PBXSourcesBuildPhase section */

/* Begin PBXTargetDependency section */
		118DD1492829A4ED000DB7A1 /* PBXTargetDependency */ = {
			isa = PBXTargetDependency;
			target = 118DD1362829A4EB000DB7A1 /* Dicee-Swift-UI */;
			targetProxy = 118DD1482829A4ED000DB7A1 /* PBXContainerItemProxy */;
		};
		118DD1532829A4ED000DB7A1 /* PBXTargetDependency */ = {
			isa = PBXTargetDependency;
			target = 118DD1362829A4EB000DB7A1 /* Dicee-Swift-UI */;
			targetProxy = 118DD1522829A4ED000DB7A1 /* PBXContainerItemProxy */;
		};
/* End PBXTargetDependency section */

/* Begin XCBuildConfiguration section */
		118DD1592829A4ED000DB7A1 /* Debug */ = {
			isa = XCBuildConfiguration;
			buildSettings = {
				ALWAYS_SEARCH_USER_PATHS = NO;
				CLANG_ANALYZER_NONNULL = YES;
				CLANG_ANALYZER_NUMBER_OBJECT_CONVERSION = YES_AGGRESSIVE;
				CLANG_CXX_LANGUAGE_STANDARD = "gnu++17";
				CLANG_CXX_LIBRARY = "libc++";
				CLANG_ENABLE_MODULES = YES;
				CLANG_ENABLE_OBJC_ARC = YES;
				CLANG_ENABLE_OBJC_WEAK = YES;
				CLANG_WARN_BLOCK_CAPTURE_AUTORELEASING = YES;
				CLANG_WARN_BOOL_CONVERSION = YES;
				CLANG_WARN_COMMA = YES;
				CLANG_WARN_CONSTANT_CONVERSION = YES;
				CLANG_WARN_DEPRECATED_OBJC_IMPLEMENTATIONS = YES;
				CLANG_WARN_DIRECT_OBJC_ISA_USAGE = YES_ERROR;
				CLANG_WARN_DOCUMENTATION_COMMENTS = YES;
				CLANG_WARN_EMPTY_BODY = YES;
				CLANG_WARN_ENUM_CONVERSION = YES;
				CLANG_WARN_INFINITE_RECURSION = YES;
				CLANG_WARN_INT_CONVERSION = YES;
				CLANG_WARN_NON_LITERAL_NULL_CONVERSION = YES;
				CLANG_WARN_OBJC_IMPLICIT_RETAIN_SELF = YES;
				CLANG_WARN_OBJC_LITERAL_CONVERSION = YES;
				CLANG_WARN_OBJC_ROOT_CLASS = YES_ERROR;
				CLANG_WARN_QUOTED_INCLUDE_IN_FRAMEWORK_HEADER = YES;
				CLANG_WARN_RANGE_LOOP_ANALYSIS = YES;
				CLANG_WARN_STRICT_PROTOTYPES = YES;
				CLANG_WARN_SUSPICIOUS_MOVE = YES;
				CLANG_WARN_UNGUARDED_AVAILABILITY = YES_AGGRESSIVE;
				CLANG_WARN_UNREACHABLE_CODE = YES;
				CLANG_WARN__DUPLICATE_METHOD_MATCH = YES;
				COPY_PHASE_STRIP = NO;
				DEBUG_INFORMATION_FORMAT = dwarf;
				ENABLE_STRICT_OBJC_MSGSEND = YES;
				ENABLE_TESTABILITY = YES;
				GCC_C_LANGUAGE_STANDARD = gnu11;
				GCC_DYNAMIC_NO_PIC = NO;
				GCC_NO_COMMON_BLOCKS = YES;
				GCC_OPTIMIZATION_LEVEL = 0;
				GCC_PREPROCESSOR_DEFINITIONS = (
					"DEBUG=1",
					"$(inherited)",
				);
				GCC_WARN_64_TO_32_BIT_CONVERSION = YES;
				GCC_WARN_ABOUT_RETURN_TYPE = YES_ERROR;
				GCC_WARN_UNDECLARED_SELECTOR = YES;
				GCC_WARN_UNINITIALIZED_AUTOS = YES_AGGRESSIVE;
				GCC_WARN_UNUSED_FUNCTION = YES;
				GCC_WARN_UNUSED_VARIABLE = YES;
				IPHONEOS_DEPLOYMENT_TARGET = 15.2;
				MTL_ENABLE_DEBUG_INFO = INCLUDE_SOURCE;
				MTL_FAST_MATH = YES;
				ONLY_ACTIVE_ARCH = YES;
				SDKROOT = iphoneos;
				SWIFT_ACTIVE_COMPILATION_CONDITIONS = DEBUG;
				SWIFT_OPTIMIZATION_LEVEL = "-Onone";
			};
			name = Debug;
		};
		118DD15A2829A4ED000DB7A1 /* Release */ = {
			isa = XCBuildConfiguration;
			buildSettings = {
				ALWAYS_SEARCH_USER_PATHS = NO;
				CLANG_ANALYZER_NONNULL = YES;
				CLANG_ANALYZER_NUMBER_OBJECT_CONVERSION = YES_AGGRESSIVE;
				CLANG_CXX_LANGUAGE_STANDARD = "gnu++17";
				CLANG_CXX_LIBRARY = "libc++";
				CLANG_ENABLE_MODULES = YES;
				CLANG_ENABLE_OBJC_ARC = YES;
				CLANG_ENABLE_OBJC_WEAK = YES;
				CLANG_WARN_BLOCK_CAPTURE_AUTORELEASING = YES;
				CLANG_WARN_BOOL_CONVERSION = YES;
				CLANG_WARN_COMMA = YES;
				CLANG_WARN_CONSTANT_CONVERSION = YES;
				CLANG_WARN_DEPRECATED_OBJC_IMPLEMENTATIONS = YES;
				CLANG_WARN_DIRECT_OBJC_ISA_USAGE = YES_ERROR;
				CLANG_WARN_DOCUMENTATION_COMMENTS = YES;
				CLANG_WARN_EMPTY_BODY = YES;
				CLANG_WARN_ENUM_CONVERSION = YES;
				CLANG_WARN_INFINITE_RECURSION = YES;
				CLANG_WARN_INT_CONVERSION = YES;
				CLANG_WARN_NON_LITERAL_NULL_CONVERSION = YES;
				CLANG_WARN_OBJC_IMPLICIT_RETAIN_SELF = YES;
				CLANG_WARN_OBJC_LITERAL_CONVERSION = YES;
				CLANG_WARN_OBJC_ROOT_CLASS = YES_ERROR;
				CLANG_WARN_QUOTED_INCLUDE_IN_FRAMEWORK_HEADER = YES;
				CLANG_WARN_RANGE_LOOP_ANALYSIS = YES;
				CLANG_WARN_STRICT_PROTOTYPES = YES;
				CLANG_WARN_SUSPICIOUS_MOVE = YES;
				CLANG_WARN_UNGUARDED_AVAILABILITY = YES_AGGRESSIVE;
				CLANG_WARN_UNREACHABLE_CODE = YES;
				CLANG_WARN__DUPLICATE_METHOD_MATCH = YES;
				COPY_PHASE_STRIP = NO;
				DEBUG_INFORMATION_FORMAT = "dwarf-with-dsym";
				ENABLE_NS_ASSERTIONS = NO;
				ENABLE_STRICT_OBJC_MSGSEND = YES;
				GCC_C_LANGUAGE_STANDARD = gnu11;
				GCC_NO_COMMON_BLOCKS = YES;
				GCC_WARN_64_TO_32_BIT_CONVERSION = YES;
				GCC_WARN_ABOUT_RETURN_TYPE = YES_ERROR;
				GCC_WARN_UNDECLARED_SELECTOR = YES;
				GCC_WARN_UNINITIALIZED_AUTOS = YES_AGGRESSIVE;
				GCC_WARN_UNUSED_FUNCTION = YES;
				GCC_WARN_UNUSED_VARIABLE = YES;
				IPHONEOS_DEPLOYMENT_TARGET = 15.2;
				MTL_ENABLE_DEBUG_INFO = NO;
				MTL_FAST_MATH = YES;
				SDKROOT = iphoneos;
				SWIFT_COMPILATION_MODE = wholemodule;
				SWIFT_OPTIMIZATION_LEVEL = "-O";
				VALIDATE_PRODUCT = YES;
			};
			name = Release;
		};
		118DD15C2829A4ED000DB7A1 /* Debug */ = {
			isa = XCBuildConfiguration;
			buildSettings = {
				ASSETCATALOG_COMPILER_APPICON_NAME = AppIcon;
				ASSETCATALOG_COMPILER_GLOBAL_ACCENT_COLOR_NAME = AccentColor;
				CODE_SIGN_STYLE = Automatic;
				CURRENT_PROJECT_VERSION = 1;
				DEVELOPMENT_ASSET_PATHS = "\"Dicee-Swift-UI/Preview Content\"";
				DEVELOPMENT_TEAM = L8XXQDKY7F;
				ENABLE_PREVIEWS = YES;
				GENERATE_INFOPLIST_FILE = YES;
				INFOPLIST_KEY_UIApplicationSceneManifest_Generation = YES;
				INFOPLIST_KEY_UIApplicationSupportsIndirectInputEvents = YES;
				INFOPLIST_KEY_UILaunchScreen_Generation = YES;
				INFOPLIST_KEY_UISupportedInterfaceOrientations_iPad = "UIInterfaceOrientationPortrait UIInterfaceOrientationPortraitUpsideDown UIInterfaceOrientationLandscapeLeft UIInterfaceOrientationLandscapeRight";
				INFOPLIST_KEY_UISupportedInterfaceOrientations_iPhone = "UIInterfaceOrientationPortrait UIInterfaceOrientationLandscapeLeft UIInterfaceOrientationLandscapeRight";
				LD_RUNPATH_SEARCH_PATHS = (
					"$(inherited)",
					"@executable_path/Frameworks",
				);
				MARKETING_VERSION = 1.0;
				PRODUCT_BUNDLE_IDENTIFIER = "com.RohitRaikhy.Dicee-Swift-UI";
				PRODUCT_NAME = "$(TARGET_NAME)";
				SWIFT_EMIT_LOC_STRINGS = YES;
				SWIFT_VERSION = 5.0;
				TARGETED_DEVICE_FAMILY = "1,2";
			};
			name = Debug;
		};
		118DD15D2829A4ED000DB7A1 /* Release */ = {
			isa = XCBuildConfiguration;
			buildSettings = {
				ASSETCATALOG_COMPILER_APPICON_NAME = AppIcon;
				ASSETCATALOG_COMPILER_GLOBAL_ACCENT_COLOR_NAME = AccentColor;
				CODE_SIGN_STYLE = Automatic;
				CURRENT_PROJECT_VERSION = 1;
				DEVELOPMENT_ASSET_PATHS = "\"Dicee-Swift-UI/Preview Content\"";
				DEVELOPMENT_TEAM = L8XXQDKY7F;
				ENABLE_PREVIEWS = YES;
				GENERATE_INFOPLIST_FILE = YES;
				INFOPLIST_KEY_UIApplicationSceneManifest_Generation = YES;
				INFOPLIST_KEY_UIApplicationSupportsIndirectInputEvents = YES;
				INFOPLIST_KEY_UILaunchScreen_Generation = YES;
				INFOPLIST_KEY_UISupportedInterfaceOrientations_iPad = "UIInterfaceOrientationPortrait UIInterfaceOrientationPortraitUpsideDown UIInterfaceOrientationLandscapeLeft UIInterfaceOrientationLandscapeRight";
				INFOPLIST_KEY_UISupportedInterfaceOrientations_iPhone = "UIInterfaceOrientationPortrait UIInterfaceOrientationLandscapeLeft UIInterfaceOrientationLandscapeRight";
				LD_RUNPATH_SEARCH_PATHS = (
					"$(inherited)",
					"@executable_path/Frameworks",
				);
				MARKETING_VERSION = 1.0;
				PRODUCT_BUNDLE_IDENTIFIER = "com.RohitRaikhy.Dicee-Swift-UI";
				PRODUCT_NAME = "$(TARGET_NAME)";
				SWIFT_EMIT_LOC_STRINGS = YES;
				SWIFT_VERSION = 5.0;
				TARGETED_DEVICE_FAMILY = "1,2";
			};
			name = Release;
		};
		118DD15F2829A4ED000DB7A1 /* Debug */ = {
			isa = XCBuildConfiguration;
			buildSettings = {
				ALWAYS_EMBED_SWIFT_STANDARD_LIBRARIES = YES;
				BUNDLE_LOADER = "$(TEST_HOST)";
				CODE_SIGN_STYLE = Automatic;
				CURRENT_PROJECT_VERSION = 1;
				DEVELOPMENT_TEAM = L8XXQDKY7F;
				GENERATE_INFOPLIST_FILE = YES;
				IPHONEOS_DEPLOYMENT_TARGET = 15.2;
				MARKETING_VERSION = 1.0;
				PRODUCT_BUNDLE_IDENTIFIER = "com.RohitRaikhy.Dicee-Swift-UITests";
				PRODUCT_NAME = "$(TARGET_NAME)";
				SWIFT_EMIT_LOC_STRINGS = NO;
				SWIFT_VERSION = 5.0;
				TARGETED_DEVICE_FAMILY = "1,2";
				TEST_HOST = "$(BUILT_PRODUCTS_DIR)/Dicee-Swift-UI.app/Dicee-Swift-UI";
			};
			name = Debug;
		};
		118DD1602829A4ED000DB7A1 /* Release */ = {
			isa = XCBuildConfiguration;
			buildSettings = {
				ALWAYS_EMBED_SWIFT_STANDARD_LIBRARIES = YES;
				BUNDLE_LOADER = "$(TEST_HOST)";
				CODE_SIGN_STYLE = Automatic;
				CURRENT_PROJECT_VERSION = 1;
				DEVELOPMENT_TEAM = L8XXQDKY7F;
				GENERATE_INFOPLIST_FILE = YES;
				IPHONEOS_DEPLOYMENT_TARGET = 15.2;
				MARKETING_VERSION = 1.0;
				PRODUCT_BUNDLE_IDENTIFIER = "com.RohitRaikhy.Dicee-Swift-UITests";
				PRODUCT_NAME = "$(TARGET_NAME)";
				SWIFT_EMIT_LOC_STRINGS = NO;
				SWIFT_VERSION = 5.0;
				TARGETED_DEVICE_FAMILY = "1,2";
				TEST_HOST = "$(BUILT_PRODUCTS_DIR)/Dicee-Swift-UI.app/Dicee-Swift-UI";
			};
			name = Release;
		};
		118DD1622829A4ED000DB7A1 /* Debug */ = {
			isa = XCBuildConfiguration;
			buildSettings = {
				ALWAYS_EMBED_SWIFT_STANDARD_LIBRARIES = YES;
				CODE_SIGN_STYLE = Automatic;
				CURRENT_PROJECT_VERSION = 1;
				DEVELOPMENT_TEAM = L8XXQDKY7F;
				GENERATE_INFOPLIST_FILE = YES;
				MARKETING_VERSION = 1.0;
				PRODUCT_BUNDLE_IDENTIFIER = "com.RohitRaikhy.Dicee-Swift-UIUITests";
				PRODUCT_NAME = "$(TARGET_NAME)";
				SWIFT_EMIT_LOC_STRINGS = NO;
				SWIFT_VERSION = 5.0;
				TARGETED_DEVICE_FAMILY = "1,2";
				TEST_TARGET_NAME = "Dicee-Swift-UI";
			};
			name = Debug;
		};
		118DD1632829A4ED000DB7A1 /* Release */ = {
			isa = XCBuildConfiguration;
			buildSettings = {
				ALWAYS_EMBED_SWIFT_STANDARD_LIBRARIES = YES;
				CODE_SIGN_STYLE = Automatic;
				CURRENT_PROJECT_VERSION = 1;
				DEVELOPMENT_TEAM = L8XXQDKY7F;
				GENERATE_INFOPLIST_FILE = YES;
				MARKETING_VERSION = 1.0;
				PRODUCT_BUNDLE_IDENTIFIER = "com.RohitRaikhy.Dicee-Swift-UIUITests";
				PRODUCT_NAME = "$(TARGET_NAME)";
				SWIFT_EMIT_LOC_STRINGS = NO;
				SWIFT_VERSION = 5.0;
				TARGETED_DEVICE_FAMILY = "1,2";
				TEST_TARGET_NAME = "Dicee-Swift-UI";
			};
			name = Release;
		};
/* End XCBuildConfiguration section */

/* Begin XCConfigurationList section */
		118DD1322829A4EB000DB7A1 /* Build configuration list for PBXProject "Dicee-Swift-UI" */ = {
			isa = XCConfigurationList;
			buildConfigurations = (
				118DD1592829A4ED000DB7A1 /* Debug */,
				118DD15A2829A4ED000DB7A1 /* Release */,
			);
			defaultConfigurationIsVisible = 0;
			defaultConfigurationName = Release;
		};
		118DD15B2829A4ED000DB7A1 /* Build configuration list for PBXNativeTarget "Dicee-Swift-UI" */ = {
			isa = XCConfigurationList;
			buildConfigurations = (
				118DD15C2829A4ED000DB7A1 /* Debug */,
				118DD15D2829A4ED000DB7A1 /* Release */,
			);
			defaultConfigurationIsVisible = 0;
			defaultConfigurationName = Release;
		};
		118DD15E2829A4ED000DB7A1 /* Build configuration list for PBXNativeTarget "Dicee-Swift-UITests" */ = {
			isa = XCConfigurationList;
			buildConfigurations = (
				118DD15F2829A4ED000DB7A1 /* Debug */,
				118DD1602829A4ED000DB7A1 /* Release */,
			);
			defaultConfigurationIsVisible = 0;
			defaultConfigurationName = Release;
		};
		118DD1612829A4ED000DB7A1 /* Build configuration list for PBXNativeTarget "Dicee-Swift-UIUITests" */ = {
			isa = XCConfigurationList;
			buildConfigurations = (
				118DD1622829A4ED000DB7A1 /* Debug */,
				118DD1632829A4ED000DB7A1 /* Release */,
			);
			defaultConfigurationIsVisible = 0;
			defaultConfigurationName = Release;
		};
/* End XCConfigurationList section */
	};
	rootObject = 118DD12F2829A4EB000DB7A1 /* Project object */;
}
